// !$*UTF8*$!
{
	archiveVersion = 1;
	classes = {
	};
	objectVersion = 48;
	objects = {

/* Begin PBXBuildFile section */
		1F6CFEB31EFA9E3500ACE15D /* AgeNet.mlmodel in Sources */ = {isa = PBXBuildFile; fileRef = 1F6CFEB21EFA9E3500ACE15D /* AgeNet.mlmodel */; };
		1F6CFEB51EFA9FF500ACE15D /* GenderNet.mlmodel in Sources */ = {isa = PBXBuildFile; fileRef = 1F6CFEB41EFA9FF500ACE15D /* GenderNet.mlmodel */; };
		1FEDC22A1EE817B000CE5F1A /* AppDelegate.swift in Sources */ = {isa = PBXBuildFile; fileRef = 1FEDC2291EE817B000CE5F1A /* AppDelegate.swift */; };
		1FEDC22C1EE817B000CE5F1A /* LiveCameraViewController.swift in Sources */ = {isa = PBXBuildFile; fileRef = 1FEDC22B1EE817B000CE5F1A /* LiveCameraViewController.swift */; };
		1FEDC22F1EE817B000CE5F1A /* Main.storyboard in Resources */ = {isa = PBXBuildFile; fileRef = 1FEDC22D1EE817B000CE5F1A /* Main.storyboard */; };
		1FEDC2311EE817B000CE5F1A /* Assets.xcassets in Resources */ = {isa = PBXBuildFile; fileRef = 1FEDC2301EE817B000CE5F1A /* Assets.xcassets */; };
		1FEDC2341EE817B000CE5F1A /* LaunchScreen.storyboard in Resources */ = {isa = PBXBuildFile; fileRef = 1FEDC2321EE817B000CE5F1A /* LaunchScreen.storyboard */; };
/* End PBXBuildFile section */

/* Begin PBXFileReference section */
		1F0A117D1EE822F400D2E369 /* CoreGraphics.framework */ = {isa = PBXFileReference; lastKnownFileType = wrapper.framework; name = CoreGraphics.framework; path = System/Library/Frameworks/CoreGraphics.framework; sourceTree = SDKROOT; };
		1F0A117E1EE822FE00D2E369 /* CoreML.framework */ = {isa = PBXFileReference; lastKnownFileType = wrapper.framework; name = CoreML.framework; path = System/Library/Frameworks/CoreML.framework; sourceTree = SDKROOT; };
		1F29E29B1EE939F6003460BD /* CoreMedia.framework */ = {isa = PBXFileReference; lastKnownFileType = wrapper.framework; name = CoreMedia.framework; path = System/Library/Frameworks/CoreMedia.framework; sourceTree = SDKROOT; };
		1F6CFEB21EFA9E3500ACE15D /* AgeNet.mlmodel */ = {isa = PBXFileReference; lastKnownFileType = file.mlmodel; name = AgeNet.mlmodel; path = "../../core-ml-conv/models/AgeNet.mlmodel"; sourceTree = "<group>"; };
		1F6CFEB41EFA9FF500ACE15D /* GenderNet.mlmodel */ = {isa = PBXFileReference; lastKnownFileType = file.mlmodel; name = GenderNet.mlmodel; path = "../../core-ml-conv/models/GenderNet.mlmodel"; sourceTree = "<group>"; };
		1FEDC2261EE817B000CE5F1A /* core-ml.app */ = {isa = PBXFileReference; explicitFileType = wrapper.application; includeInIndex = 0; path = "core-ml.app"; sourceTree = BUILT_PRODUCTS_DIR; };
		1FEDC2291EE817B000CE5F1A /* AppDelegate.swift */ = {isa = PBXFileReference; lastKnownFileType = sourcecode.swift; path = AppDelegate.swift; sourceTree = "<group>"; };
		1FEDC22B1EE817B000CE5F1A /* LiveCameraViewController.swift */ = {isa = PBXFileReference; lastKnownFileType = sourcecode.swift; path = LiveCameraViewController.swift; sourceTree = "<group>"; };
		1FEDC22E1EE817B000CE5F1A /* Base */ = {isa = PBXFileReference; lastKnownFileType = file.storyboard; name = Base; path = Base.lproj/Main.storyboard; sourceTree = "<group>"; };
		1FEDC2301EE817B000CE5F1A /* Assets.xcassets */ = {isa = PBXFileReference; lastKnownFileType = folder.assetcatalog; path = Assets.xcassets; sourceTree = "<group>"; };
		1FEDC2331EE817B000CE5F1A /* Base */ = {isa = PBXFileReference; lastKnownFileType = file.storyboard; name = Base; path = Base.lproj/LaunchScreen.storyboard; sourceTree = "<group>"; };
		1FEDC2351EE817B000CE5F1A /* Info.plist */ = {isa = PBXFileReference; lastKnownFileType = text.plist.xml; path = Info.plist; sourceTree = "<group>"; };
/* End PBXFileReference section */

/* Begin PBXFrameworksBuildPhase section */
		1FEDC2231EE817B000CE5F1A /* Frameworks */ = {
			isa = PBXFrameworksBuildPhase;
			buildActionMask = 2147483647;
			files = (
			);
			runOnlyForDeploymentPostprocessing = 0;
		};
/* End PBXFrameworksBuildPhase section */

/* Begin PBXGroup section */
		1F0A117C1EE822F300D2E369 /* Frameworks */ = {
			isa = PBXGroup;
			children = (
				1F29E29B1EE939F6003460BD /* CoreMedia.framework */,
				1F0A117E1EE822FE00D2E369 /* CoreML.framework */,
				1F0A117D1EE822F400D2E369 /* CoreGraphics.framework */,
			);
			name = Frameworks;
			sourceTree = "<group>";
		};
		1FEDC21D1EE817B000CE5F1A = {
			isa = PBXGroup;
			children = (
				1FEDC2281EE817B000CE5F1A /* core-ml */,
				1FEDC2271EE817B000CE5F1A /* Products */,
				1F0A117C1EE822F300D2E369 /* Frameworks */,
			);
			sourceTree = "<group>";
		};
		1FEDC2271EE817B000CE5F1A /* Products */ = {
			isa = PBXGroup;
			children = (
				1FEDC2261EE817B000CE5F1A /* core-ml.app */,
			);
			name = Products;
			sourceTree = "<group>";
		};
		1FEDC2281EE817B000CE5F1A /* core-ml */ = {
			isa = PBXGroup;
			children = (
				1FEDC2291EE817B000CE5F1A /* AppDelegate.swift */,
				1FEDC22B1EE817B000CE5F1A /* LiveCameraViewController.swift */,
				1FEDC22D1EE817B000CE5F1A /* Main.storyboard */,
				1FEDC2301EE817B000CE5F1A /* Assets.xcassets */,
				1FEDC2321EE817B000CE5F1A /* LaunchScreen.storyboard */,
				1FEDC2351EE817B000CE5F1A /* Info.plist */,
				1F6CFEB21EFA9E3500ACE15D /* AgeNet.mlmodel */,
				1F6CFEB41EFA9FF500ACE15D /* GenderNet.mlmodel */,
			);
			path = "core-ml";
			sourceTree = "<group>";
		};
/* End PBXGroup section */

/* Begin PBXNativeTarget section */
		1FEDC2251EE817B000CE5F1A /* core-ml */ = {
			isa = PBXNativeTarget;
			buildConfigurationList = 1FEDC2381EE817B000CE5F1A /* Build configuration list for PBXNativeTarget "core-ml" */;
			buildPhases = (
				1FEDC2221EE817B000CE5F1A /* Sources */,
				1FEDC2231EE817B000CE5F1A /* Frameworks */,
				1FEDC2241EE817B000CE5F1A /* Resources */,
			);
			buildRules = (
			);
			dependencies = (
			);
			name = "core-ml";
			productName = "core-ml";
			productReference = 1FEDC2261EE817B000CE5F1A /* core-ml.app */;
			productType = "com.apple.product-type.application";
		};
/* End PBXNativeTarget section */

/* Begin PBXProject section */
		1FEDC21E1EE817B000CE5F1A /* Project object */ = {
			isa = PBXProject;
			attributes = {
				LastSwiftUpdateCheck = 0900;
				LastUpgradeCheck = 0900;
				ORGANIZATIONNAME = jk;
				TargetAttributes = {
					1FEDC2251EE817B000CE5F1A = {
						CreatedOnToolsVersion = 9.0;
					};
				};
			};
			buildConfigurationList = 1FEDC2211EE817B000CE5F1A /* Build configuration list for PBXProject "core-ml" */;
			compatibilityVersion = "Xcode 8.0";
			developmentRegion = en;
			hasScannedForEncodings = 0;
			knownRegions = (
				en,
				Base,
			);
			mainGroup = 1FEDC21D1EE817B000CE5F1A;
			productRefGroup = 1FEDC2271EE817B000CE5F1A /* Products */;
			projectDirPath = "";
			projectRoot = "";
			targets = (
				1FEDC2251EE817B000CE5F1A /* core-ml */,
			);
		};
/* End PBXProject section */

/* Begin PBXResourcesBuildPhase section */
		1FEDC2241EE817B000CE5F1A /* Resources */ = {
			isa = PBXResourcesBuildPhase;
			buildActionMask = 2147483647;
			files = (
				1FEDC2341EE817B000CE5F1A /* LaunchScreen.storyboard in Resources */,
				1FEDC2311EE817B000CE5F1A /* Assets.xcassets in Resources */,
				1FEDC22F1EE817B000CE5F1A /* Main.storyboard in Resources */,
			);
			runOnlyForDeploymentPostprocessing = 0;
		};
/* End PBXResourcesBuildPhase section */

/* Begin PBXSourcesBuildPhase section */
		1FEDC2221EE817B000CE5F1A /* Sources */ = {
			isa = PBXSourcesBuildPhase;
			buildActionMask = 2147483647;
			files = (
				1F6CFEB31EFA9E3500ACE15D /* AgeNet.mlmodel in Sources */,
				1F6CFEB51EFA9FF500ACE15D /* GenderNet.mlmodel in Sources */,
				1FEDC22C1EE817B000CE5F1A /* LiveCameraViewController.swift in Sources */,
				1FEDC22A1EE817B000CE5F1A /* AppDelegate.swift in Sources */,
			);
			runOnlyForDeploymentPostprocessing = 0;
		};
/* End PBXSourcesBuildPhase section */

/* Begin PBXVariantGroup section */
		1FEDC22D1EE817B000CE5F1A /* Main.storyboard */ = {
			isa = PBXVariantGroup;
			children = (
				1FEDC22E1EE817B000CE5F1A /* Base */,
			);
			name = Main.storyboard;
			sourceTree = "<group>";
		};
		1FEDC2321EE817B000CE5F1A /* LaunchScreen.storyboard */ = {
			isa = PBXVariantGroup;
			children = (
				1FEDC2331EE817B000CE5F1A /* Base */,
			);
			name = LaunchScreen.storyboard;
			sourceTree = "<group>";
		};
/* End PBXVariantGroup section */

/* Begin XCBuildConfiguration section */
		1FEDC2361EE817B000CE5F1A /* Debug */ = {
			isa = XCBuildConfiguration;
			buildSettings = {
				ALWAYS_SEARCH_USER_PATHS = NO;
				CLANG_ANALYZER_NONNULL = YES;
				CLANG_ANALYZER_NUMBER_OBJECT_CONVERSION = YES_AGGRESSIVE;
				CLANG_CXX_LANGUAGE_STANDARD = "gnu++14";
				CLANG_CXX_LIBRARY = "libc++";
				CLANG_ENABLE_MODULES = YES;
				CLANG_ENABLE_OBJC_ARC = YES;
				CLANG_WARN_BLOCK_CAPTURE_AUTORELEASING = YES;
				CLANG_WARN_BOOL_CONVERSION = YES;
				CLANG_WARN_COMMA = YES;
				CLANG_WARN_CONSTANT_CONVERSION = YES;
				CLANG_WARN_DIRECT_OBJC_ISA_USAGE = YES_ERROR;
				CLANG_WARN_DOCUMENTATION_COMMENTS = YES;
				CLANG_WARN_EMPTY_BODY = YES;
				CLANG_WARN_ENUM_CONVERSION = YES;
				CLANG_WARN_INFINITE_RECURSION = YES;
				CLANG_WARN_INT_CONVERSION = YES;
				CLANG_WARN_OBJC_ROOT_CLASS = YES_ERROR;
				CLANG_WARN_RANGE_LOOP_ANALYSIS = YES;
				CLANG_WARN_STRICT_PROTOTYPES = YES;
				CLANG_WARN_SUSPICIOUS_MOVE = YES;
				CLANG_WARN_UNGUARDED_AVAILABILITY = YES_AGGRESSIVE;
				CLANG_WARN_UNREACHABLE_CODE = YES;
				CLANG_WARN__DUPLICATE_METHOD_MATCH = YES;
				CODE_SIGN_IDENTITY = "iPhone Developer";
				COPY_PHASE_STRIP = NO;
				DEBUG_INFORMATION_FORMAT = dwarf;
				ENABLE_STRICT_OBJC_MSGSEND = YES;
				ENABLE_TESTABILITY = YES;
				GCC_C_LANGUAGE_STANDARD = gnu11;
				GCC_DYNAMIC_NO_PIC = NO;
				GCC_NO_COMMON_BLOCKS = YES;
				GCC_OPTIMIZATION_LEVEL = 0;
				GCC_PREPROCESSOR_DEFINITIONS = (
					"DEBUG=1",
					"$(inherited)",
				);
				GCC_WARN_64_TO_32_BIT_CONVERSION = YES;
				GCC_WARN_ABOUT_RETURN_TYPE = YES_ERROR;
				GCC_WARN_UNDECLARED_SELECTOR = YES;
				GCC_WARN_UNINITIALIZED_AUTOS = YES_AGGRESSIVE;
				GCC_WARN_UNUSED_FUNCTION = YES;
				GCC_WARN_UNUSED_VARIABLE = YES;
				IPHONEOS_DEPLOYMENT_TARGET = 11.0;
				MTL_ENABLE_DEBUG_INFO = YES;
				ONLY_ACTIVE_ARCH = YES;
				SDKROOT = iphoneos;
				SWIFT_ACTIVE_COMPILATION_CONDITIONS = DEBUG;
				SWIFT_OPTIMIZATION_LEVEL = "-Onone";
			};
			name = Debug;
		};
		1FEDC2371EE817B000CE5F1A /* Release */ = {
			isa = XCBuildConfiguration;
			buildSettings = {
				ALWAYS_SEARCH_USER_PATHS = NO;
				CLANG_ANALYZER_NONNULL = YES;
				CLANG_ANALYZER_NUMBER_OBJECT_CONVERSION = YES_AGGRESSIVE;
				CLANG_CXX_LANGUAGE_STANDARD = "gnu++14";
				CLANG_CXX_LIBRARY = "libc++";
				CLANG_ENABLE_MODULES = YES;
				CLANG_ENABLE_OBJC_ARC = YES;
				CLANG_WARN_BLOCK_CAPTURE_AUTORELEASING = YES;
				CLANG_WARN_BOOL_CONVERSION = YES;
				CLANG_WARN_COMMA = YES;
				CLANG_WARN_CONSTANT_CONVERSION = YES;
				CLANG_WARN_DIRECT_OBJC_ISA_USAGE = YES_ERROR;
				CLANG_WARN_DOCUMENTATION_COMMENTS = YES;
				CLANG_WARN_EMPTY_BODY = YES;
				CLANG_WARN_ENUM_CONVERSION = YES;
				CLANG_WARN_INFINITE_RECURSION = YES;
				CLANG_WARN_INT_CONVERSION = YES;
				CLANG_WARN_OBJC_ROOT_CLASS = YES_ERROR;
				CLANG_WARN_RANGE_LOOP_ANALYSIS = YES;
				CLANG_WARN_STRICT_PROTOTYPES = YES;
				CLANG_WARN_SUSPICIOUS_MOVE = YES;
				CLANG_WARN_UNGUARDED_AVAILABILITY = YES_AGGRESSIVE;
				CLANG_WARN_UNREACHABLE_CODE = YES;
				CLANG_WARN__DUPLICATE_METHOD_MATCH = YES;
				CODE_SIGN_IDENTITY = "iPhone Developer";
				COPY_PHASE_STRIP = NO;
				DEBUG_INFORMATION_FORMAT = "dwarf-with-dsym";
				ENABLE_NS_ASSERTIONS = NO;
				ENABLE_STRICT_OBJC_MSGSEND = YES;
				GCC_C_LANGUAGE_STANDARD = gnu11;
				GCC_NO_COMMON_BLOCKS = YES;
				GCC_WARN_64_TO_32_BIT_CONVERSION = YES;
				GCC_WARN_ABOUT_RETURN_TYPE = YES_ERROR;
				GCC_WARN_UNDECLARED_SELECTOR = YES;
				GCC_WARN_UNINITIALIZED_AUTOS = YES_AGGRESSIVE;
				GCC_WARN_UNUSED_FUNCTION = YES;
				GCC_WARN_UNUSED_VARIABLE = YES;
				IPHONEOS_DEPLOYMENT_TARGET = 11.0;
				MTL_ENABLE_DEBUG_INFO = NO;
				SDKROOT = iphoneos;
				SWIFT_OPTIMIZATION_LEVEL = "-Owholemodule";
				VALIDATE_PRODUCT = YES;
			};
			name = Release;
		};
		1FEDC2391EE817B000CE5F1A /* Debug */ = {
			isa = XCBuildConfiguration;
			buildSettings = {
				ASSETCATALOG_COMPILER_APPICON_NAME = AppIcon;
				COREML_CODEGEN_LANGUAGE = Swift;
				COREML_CODEGEN_SWIFT_GLOBAL_MODULE = YES;
				DEVELOPMENT_TEAM = S22AEPX323;
				INFOPLIST_FILE = "core-ml/Info.plist";
				LD_RUNPATH_SEARCH_PATHS = "$(inherited) @executable_path/Frameworks";
				PRODUCT_BUNDLE_IDENTIFIER = "com.jk.apps.core-ml";
				PRODUCT_NAME = "$(TARGET_NAME)";
				SWIFT_VERSION = 4.0;
				TARGETED_DEVICE_FAMILY = "1,2";
			};
			name = Debug;
		};
		1FEDC23A1EE817B000CE5F1A /* Release */ = {
			isa = XCBuildConfiguration;
			buildSettings = {
				ASSETCATALOG_COMPILER_APPICON_NAME = AppIcon;
				COREML_CODEGEN_LANGUAGE = Swift;
				COREML_CODEGEN_SWIFT_GLOBAL_MODULE = YES;
				DEVELOPMENT_TEAM = S22AEPX323;
				INFOPLIST_FILE = "core-ml/Info.plist";
				LD_RUNPATH_SEARCH_PATHS = "$(inherited) @executable_path/Frameworks";
				PRODUCT_BUNDLE_IDENTIFIER = "com.jk.apps.core-ml";
				PRODUCT_NAME = "$(TARGET_NAME)";
				SWIFT_VERSION = 4.0;
				TARGETED_DEVICE_FAMILY = "1,2";
			};
			name = Release;
		};
/* End XCBuildConfiguration section */

/* Begin XCConfigurationList section */
		1FEDC2211EE817B000CE5F1A /* Build configuration list for PBXProject "core-ml" */ = {
			isa = XCConfigurationList;
			buildConfigurations = (
				1FEDC2361EE817B000CE5F1A /* Debug */,
				1FEDC2371EE817B000CE5F1A /* Release */,
			);
			defaultConfigurationIsVisible = 0;
			defaultConfigurationName = Release;
		};
		1FEDC2381EE817B000CE5F1A /* Build configuration list for PBXNativeTarget "core-ml" */ = {
			isa = XCConfigurationList;
			buildConfigurations = (
				1FEDC2391EE817B000CE5F1A /* Debug */,
				1FEDC23A1EE817B000CE5F1A /* Release */,
			);
			defaultConfigurationIsVisible = 0;
			defaultConfigurationName = Release;
		};
/* End XCConfigurationList section */
	};
	rootObject = 1FEDC21E1EE817B000CE5F1A /* Project object */;
}
